
Microsoft Visual Studio Solution File, Format Version 12.00
# Visual Studio Version 17
VisualStudioVersion = 17.5.002.0
MinimumVisualStudioVersion = 10.0.40219.1
Project("{9A19103F-16F7-4668-BE54-9A1E7A4F7556}") = "coding-practice-dotnet", "coding-practice-dotnet.csproj", "{6BDCCF3E-97A7-4D33-8F52-7D1AF4B2377C}"
EndProject
Global
	GlobalSection(SolutionConfigurationPlatforms) = preSolution
		Debug|Any CPU = Debug|Any CPU
		Release|Any CPU = Release|Any CPU
	EndGlobalSection
	GlobalSection(ProjectConfigurationPlatforms) = postSolution
		{6BDCCF3E-97A7-4D33-8F52-7D1AF4B2377C}.Debug|Any CPU.ActiveCfg = Debug|Any CPU
		{6BDCCF3E-97A7-4D33-8F52-7D1AF4B2377C}.Debug|Any CPU.Build.0 = Debug|Any CPU
		{6BDCCF3E-97A7-4D33-8F52-7D1AF4B2377C}.Release|Any CPU.ActiveCfg = Release|Any CPU
		{6BDCCF3E-97A7-4D33-8F52-7D1AF4B2377C}.Release|Any CPU.Build.0 = Release|Any CPU
	EndGlobalSection
	GlobalSection(SolutionProperties) = preSolution
		HideSolutionNode = FALSE
	EndGlobalSection
	GlobalSection(ExtensibilityGlobals) = postSolution
		SolutionGuid = {8789A4FE-B30D-4591-9F06-47F5089A4CAF}
	EndGlobalSection
EndGlobal
