
Microsoft Visual Studio Solution File, Format Version 12.00
# Visual Studio Version 17
VisualStudioVersion = 17.12.35521.163 d17.12
MinimumVisualStudioVersion = 10.0.40219.1
Project("{FAE04EC0-301F-11D3-BF4B-00C04F79EFBC}") = "CodingPractice", "CodingPractice.csproj", "{B058B4FA-4F89-4E07-85BA-3A2D683C8E87}"
EndProject
Project("{FAE04EC0-301F-11D3-BF4B-00C04F79EFBC}") = "LowLevelDesigns", "..\LowLevelDesigns\LowLevelDesigns.csproj", "{51050C48-77BA-45C9-A229-05C831DF4A29}"
EndProject
Global
	GlobalSection(SolutionConfigurationPlatforms) = preSolution
		Debug|Any CPU = Debug|Any CPU
		Release|Any CPU = Release|Any CPU
	EndGlobalSection
	GlobalSection(ProjectConfigurationPlatforms) = postSolution
		{B058B4FA-4F89-4E07-85BA-3A2D683C8E87}.Debug|Any CPU.ActiveCfg = Debug|Any CPU
		{B058B4FA-4F89-4E07-85BA-3A2D683C8E87}.Debug|Any CPU.Build.0 = Debug|Any CPU
		{B058B4FA-4F89-4E07-85BA-3A2D683C8E87}.Release|Any CPU.ActiveCfg = Release|Any CPU
		{B058B4FA-4F89-4E07-85BA-3A2D683C8E87}.Release|Any CPU.Build.0 = Release|Any CPU
		{51050C48-77BA-45C9-A229-05C831DF4A29}.Debug|Any CPU.ActiveCfg = Debug|Any CPU
		{51050C48-77BA-45C9-A229-05C831DF4A29}.Debug|Any CPU.Build.0 = Debug|Any CPU
		{51050C48-77BA-45C9-A229-05C831DF4A29}.Release|Any CPU.ActiveCfg = Release|Any CPU
		{51050C48-77BA-45C9-A229-05C831DF4A29}.Release|Any CPU.Build.0 = Release|Any CPU
	EndGlobalSection
	GlobalSection(SolutionProperties) = preSolution
		HideSolutionNode = FALSE
	EndGlobalSection
EndGlobal
